
Microsoft Visual Studio Solution File, Format Version 12.00
# Visual Studio Version 16
VisualStudioVersion = 16.0.31515.178
MinimumVisualStudioVersion = 10.0.40219.1
Project("{FAE04EC0-301F-11D3-BF4B-00C04F79EFBC}") = "SehirRehberi.API", "SehirRehberi.API\SehirRehberi.API.csproj", "{CCF4D61A-5E5D-40B0-93F8-3ECFF9864715}"
EndProject
Global
	GlobalSection(SolutionConfigurationPlatforms) = preSolution
		Debug|Any CPU = Debug|Any CPU
		Release|Any CPU = Release|Any CPU
	EndGlobalSection
	GlobalSection(ProjectConfigurationPlatforms) = postSolution
		{CCF4D61A-5E5D-40B0-93F8-3ECFF9864715}.Debug|Any CPU.ActiveCfg = Debug|Any CPU
		{CCF4D61A-5E5D-40B0-93F8-3ECFF9864715}.Debug|Any CPU.Build.0 = Debug|Any CPU
		{CCF4D61A-5E5D-40B0-93F8-3ECFF9864715}.Release|Any CPU.ActiveCfg = Release|Any CPU
		{CCF4D61A-5E5D-40B0-93F8-3ECFF9864715}.Release|Any CPU.Build.0 = Release|Any CPU
	EndGlobalSection
	GlobalSection(SolutionProperties) = preSolution
		HideSolutionNode = FALSE
	EndGlobalSection
	GlobalSection(ExtensibilityGlobals) = postSolution
		SolutionGuid = {8172002E-1C4A-45A2-B01A-C48C669D97CE}
	EndGlobalSection
EndGlobal
